
Microsoft Visual Studio Solution File, Format Version 12.00
# Visual Studio Version 17
VisualStudioVersion = 17.5.33516.290
MinimumVisualStudioVersion = 10.0.40219.1
Project("{FAE04EC0-301F-11D3-BF4B-00C04F79EFBC}") = "PRN211_Exam", "PRN211_Exam\PRN211_Exam.csproj", "{F3F865F7-EEFD-4D89-831E-737A500759B7}"
EndProject
Global
	GlobalSection(SolutionConfigurationPlatforms) = preSolution
		Debug|Any CPU = Debug|Any CPU
		Release|Any CPU = Release|Any CPU
	EndGlobalSection
	GlobalSection(ProjectConfigurationPlatforms) = postSolution
		{F3F865F7-EEFD-4D89-831E-737A500759B7}.Debug|Any CPU.ActiveCfg = Debug|Any CPU
		{F3F865F7-EEFD-4D89-831E-737A500759B7}.Debug|Any CPU.Build.0 = Debug|Any CPU
		{F3F865F7-EEFD-4D89-831E-737A500759B7}.Release|Any CPU.ActiveCfg = Release|Any CPU
		{F3F865F7-EEFD-4D89-831E-737A500759B7}.Release|Any CPU.Build.0 = Release|Any CPU
	EndGlobalSection
	GlobalSection(SolutionProperties) = preSolution
		HideSolutionNode = FALSE
	EndGlobalSection
	GlobalSection(ExtensibilityGlobals) = postSolution
		SolutionGuid = {382602C4-B165-4DD5-826C-2DC203EF6766}
	EndGlobalSection
EndGlobal
